// !$*UTF8*$!
{
	archiveVersion = 1;
	classes = {
	};
	objectVersion = 56;
	objects = {

/* Begin PBXBuildFile section */
		D19914F32BB6A45800DAEC3A /* AppDelegate.swift in Sources */ = {isa = PBXBuildFile; fileRef = D19914F22BB6A45800DAEC3A /* AppDelegate.swift */; };
		D19914F52BB6A45800DAEC3A /* SceneDelegate.swift in Sources */ = {isa = PBXBuildFile; fileRef = D19914F42BB6A45800DAEC3A /* SceneDelegate.swift */; };
		D19914F72BB6A45800DAEC3A /* ViewController.swift in Sources */ = {isa = PBXBuildFile; fileRef = D19914F62BB6A45800DAEC3A /* ViewController.swift */; };
		D19914FA2BB6A45800DAEC3A /* Main.storyboard in Resources */ = {isa = PBXBuildFile; fileRef = D19914F82BB6A45800DAEC3A /* Main.storyboard */; };
		D19914FC2BB6A45A00DAEC3A /* Assets.xcassets in Resources */ = {isa = PBXBuildFile; fileRef = D19914FB2BB6A45A00DAEC3A /* Assets.xcassets */; };
		D19914FF2BB6A45A00DAEC3A /* LaunchScreen.storyboard in Resources */ = {isa = PBXBuildFile; fileRef = D19914FD2BB6A45A00DAEC3A /* LaunchScreen.storyboard */; };
		D199150E2BB87FEB00DAEC3A /* ViewController+UI.swift in Sources */ = {isa = PBXBuildFile; fileRef = D199150D2BB87FEB00DAEC3A /* ViewController+UI.swift */; };
		D19915302BBC566800DAEC3A /* Localizable.xcstrings in Resources */ = {isa = PBXBuildFile; fileRef = D199152F2BBC566800DAEC3A /* Localizable.xcstrings */; };
		D19915342BBC573C00DAEC3A /* String+Extension.swift in Sources */ = {isa = PBXBuildFile; fileRef = D19915332BBC573C00DAEC3A /* String+Extension.swift */; };
		D19915382BBC58A800DAEC3A /* NetworkManager.swift in Sources */ = {isa = PBXBuildFile; fileRef = D19915372BBC58A800DAEC3A /* NetworkManager.swift */; };
		D199153A2BBC58B200DAEC3A /* MapManager.swift in Sources */ = {isa = PBXBuildFile; fileRef = D19915392BBC58B200DAEC3A /* MapManager.swift */; };
		D199153E2BBC591100DAEC3A /* NetworkModel.swift in Sources */ = {isa = PBXBuildFile; fileRef = D199153D2BBC591100DAEC3A /* NetworkModel.swift */; };
		D19915412BBC5EEC00DAEC3A /* Enums.swift in Sources */ = {isa = PBXBuildFile; fileRef = D19915402BBC5EEC00DAEC3A /* Enums.swift */; };
		D19915432BBD9F4800DAEC3A /* StringManager.swift in Sources */ = {isa = PBXBuildFile; fileRef = D19915422BBD9F4800DAEC3A /* StringManager.swift */; };
		D19915652BC2EDC800DAEC3A /* SecondViewController.swift in Sources */ = {isa = PBXBuildFile; fileRef = D19915642BC2EDC800DAEC3A /* SecondViewController.swift */; };
/* End PBXBuildFile section */

/* Begin PBXCopyFilesBuildPhase section */
		D199152B2BBB0A2500DAEC3A /* Embed Foundation Extensions */ = {
			isa = PBXCopyFilesBuildPhase;
			buildActionMask = 2147483647;
			dstPath = "";
			dstSubfolderSpec = 13;
			files = (
			);
			name = "Embed Foundation Extensions";
			runOnlyForDeploymentPostprocessing = 0;
		};
/* End PBXCopyFilesBuildPhase section */

/* Begin PBXFileReference section */
		D19914EF2BB6A45800DAEC3A /* iett.app */ = {isa = PBXFileReference; explicitFileType = wrapper.application; includeInIndex = 0; path = iett.app; sourceTree = BUILT_PRODUCTS_DIR; };
		D19914F22BB6A45800DAEC3A /* AppDelegate.swift */ = {isa = PBXFileReference; lastKnownFileType = sourcecode.swift; path = AppDelegate.swift; sourceTree = "<group>"; };
		D19914F42BB6A45800DAEC3A /* SceneDelegate.swift */ = {isa = PBXFileReference; lastKnownFileType = sourcecode.swift; path = SceneDelegate.swift; sourceTree = "<group>"; };
		D19914F62BB6A45800DAEC3A /* ViewController.swift */ = {isa = PBXFileReference; lastKnownFileType = sourcecode.swift; path = ViewController.swift; sourceTree = "<group>"; };
		D19914F92BB6A45800DAEC3A /* Base */ = {isa = PBXFileReference; lastKnownFileType = file.storyboard; name = Base; path = Base.lproj/Main.storyboard; sourceTree = "<group>"; };
		D19914FB2BB6A45A00DAEC3A /* Assets.xcassets */ = {isa = PBXFileReference; lastKnownFileType = folder.assetcatalog; path = Assets.xcassets; sourceTree = "<group>"; };
		D19914FE2BB6A45A00DAEC3A /* Base */ = {isa = PBXFileReference; lastKnownFileType = file.storyboard; name = Base; path = Base.lproj/LaunchScreen.storyboard; sourceTree = "<group>"; };
		D19915002BB6A45A00DAEC3A /* Info.plist */ = {isa = PBXFileReference; lastKnownFileType = text.plist.xml; path = Info.plist; sourceTree = "<group>"; };
		D199150D2BB87FEB00DAEC3A /* ViewController+UI.swift */ = {isa = PBXFileReference; lastKnownFileType = sourcecode.swift; path = "ViewController+UI.swift"; sourceTree = "<group>"; };
		D199152F2BBC566800DAEC3A /* Localizable.xcstrings */ = {isa = PBXFileReference; lastKnownFileType = text.json.xcstrings; path = Localizable.xcstrings; sourceTree = "<group>"; };
		D19915312BBC569800DAEC3A /* tr */ = {isa = PBXFileReference; lastKnownFileType = text.plist.strings; name = tr; path = tr.lproj/Main.strings; sourceTree = "<group>"; };
		D19915322BBC569800DAEC3A /* tr */ = {isa = PBXFileReference; lastKnownFileType = text.plist.strings; name = tr; path = tr.lproj/LaunchScreen.strings; sourceTree = "<group>"; };
		D19915332BBC573C00DAEC3A /* String+Extension.swift */ = {isa = PBXFileReference; lastKnownFileType = sourcecode.swift; path = "String+Extension.swift"; sourceTree = "<group>"; };
		D19915372BBC58A800DAEC3A /* NetworkManager.swift */ = {isa = PBXFileReference; lastKnownFileType = sourcecode.swift; path = NetworkManager.swift; sourceTree = "<group>"; };
		D19915392BBC58B200DAEC3A /* MapManager.swift */ = {isa = PBXFileReference; lastKnownFileType = sourcecode.swift; path = MapManager.swift; sourceTree = "<group>"; };
		D199153D2BBC591100DAEC3A /* NetworkModel.swift */ = {isa = PBXFileReference; lastKnownFileType = sourcecode.swift; path = NetworkModel.swift; sourceTree = "<group>"; };
		D19915402BBC5EEC00DAEC3A /* Enums.swift */ = {isa = PBXFileReference; lastKnownFileType = sourcecode.swift; path = Enums.swift; sourceTree = "<group>"; };
		D19915422BBD9F4800DAEC3A /* StringManager.swift */ = {isa = PBXFileReference; lastKnownFileType = sourcecode.swift; path = StringManager.swift; sourceTree = "<group>"; };
		D19915642BC2EDC800DAEC3A /* SecondViewController.swift */ = {isa = PBXFileReference; lastKnownFileType = sourcecode.swift; path = SecondViewController.swift; sourceTree = "<group>"; };
/* End PBXFileReference section */

/* Begin PBXFrameworksBuildPhase section */
		D19914EC2BB6A45800DAEC3A /* Frameworks */ = {
			isa = PBXFrameworksBuildPhase;
			buildActionMask = 2147483647;
			files = (
			);
			runOnlyForDeploymentPostprocessing = 0;
		};
/* End PBXFrameworksBuildPhase section */

/* Begin PBXGroup section */
		D19914E62BB6A45800DAEC3A = {
			isa = PBXGroup;
			children = (
				D19914F12BB6A45800DAEC3A /* iett */,
				D19914F02BB6A45800DAEC3A /* Products */,
			);
			sourceTree = "<group>";
		};
		D19914F02BB6A45800DAEC3A /* Products */ = {
			isa = PBXGroup;
			children = (
				D19914EF2BB6A45800DAEC3A /* iett.app */,
			);
			name = Products;
			sourceTree = "<group>";
		};
		D19914F12BB6A45800DAEC3A /* iett */ = {
			isa = PBXGroup;
			children = (
				D199152C2BBB0D3C00DAEC3A /* App */,
				D199153F2BBC5EDD00DAEC3A /* Constants */,
				D19915352BBC57CF00DAEC3A /* Extensions */,
				D19915362BBC587300DAEC3A /* Managers */,
				D199153B2BBC58E600DAEC3A /* Model */,
				D199152D2BBC52D100DAEC3A /* Resources */,
				D199152E2BBC541600DAEC3A /* Views */,
			);
			path = iett;
			sourceTree = "<group>";
		};
		D199152C2BBB0D3C00DAEC3A /* App */ = {
			isa = PBXGroup;
			children = (
				D19914F22BB6A45800DAEC3A /* AppDelegate.swift */,
				D19914F42BB6A45800DAEC3A /* SceneDelegate.swift */,
			);
			path = App;
			sourceTree = "<group>";
		};
		D199152D2BBC52D100DAEC3A /* Resources */ = {
			isa = PBXGroup;
			children = (
				D199152F2BBC566800DAEC3A /* Localizable.xcstrings */,
				D19914F82BB6A45800DAEC3A /* Main.storyboard */,
				D19914FB2BB6A45A00DAEC3A /* Assets.xcassets */,
				D19914FD2BB6A45A00DAEC3A /* LaunchScreen.storyboard */,
				D19915002BB6A45A00DAEC3A /* Info.plist */,
			);
			path = Resources;
			sourceTree = "<group>";
		};
		D199152E2BBC541600DAEC3A /* Views */ = {
			isa = PBXGroup;
			children = (
				D19914F62BB6A45800DAEC3A /* ViewController.swift */,
				D199150D2BB87FEB00DAEC3A /* ViewController+UI.swift */,
				D19915642BC2EDC800DAEC3A /* SecondViewController.swift */,
			);
			path = Views;
			sourceTree = "<group>";
		};
		D19915352BBC57CF00DAEC3A /* Extensions */ = {
			isa = PBXGroup;
			children = (
				D19915332BBC573C00DAEC3A /* String+Extension.swift */,
			);
			path = Extensions;
			sourceTree = "<group>";
		};
		D19915362BBC587300DAEC3A /* Managers */ = {
			isa = PBXGroup;
			children = (
				D19915372BBC58A800DAEC3A /* NetworkManager.swift */,
				D19915392BBC58B200DAEC3A /* MapManager.swift */,
				D19915422BBD9F4800DAEC3A /* StringManager.swift */,
			);
			path = Managers;
			sourceTree = "<group>";
		};
		D199153B2BBC58E600DAEC3A /* Model */ = {
			isa = PBXGroup;
			children = (
				D199153D2BBC591100DAEC3A /* NetworkModel.swift */,
			);
			path = Model;
			sourceTree = "<group>";
		};
		D199153F2BBC5EDD00DAEC3A /* Constants */ = {
			isa = PBXGroup;
			children = (
				D19915402BBC5EEC00DAEC3A /* Enums.swift */,
			);
			path = Constants;
			sourceTree = "<group>";
		};
/* End PBXGroup section */

/* Begin PBXNativeTarget section */
		D19914EE2BB6A45800DAEC3A /* iett */ = {
			isa = PBXNativeTarget;
			buildConfigurationList = D19915032BB6A45A00DAEC3A /* Build configuration list for PBXNativeTarget "iett" */;
			buildPhases = (
				D19914EB2BB6A45800DAEC3A /* Sources */,
				D19914EC2BB6A45800DAEC3A /* Frameworks */,
				D19914ED2BB6A45800DAEC3A /* Resources */,
				D199152B2BBB0A2500DAEC3A /* Embed Foundation Extensions */,
			);
			buildRules = (
			);
			dependencies = (
			);
			name = iett;
			packageProductDependencies = (
			);
			productName = iett;
			productReference = D19914EF2BB6A45800DAEC3A /* iett.app */;
			productType = "com.apple.product-type.application";
		};
/* End PBXNativeTarget section */

/* Begin PBXProject section */
		D19914E72BB6A45800DAEC3A /* Project object */ = {
			isa = PBXProject;
			attributes = {
				BuildIndependentTargetsInParallel = 1;
				LastSwiftUpdateCheck = 1510;
				LastUpgradeCheck = 1510;
				TargetAttributes = {
					D19914EE2BB6A45800DAEC3A = {
						CreatedOnToolsVersion = 15.1;
					};
				};
			};
			buildConfigurationList = D19914EA2BB6A45800DAEC3A /* Build configuration list for PBXProject "iett" */;
			compatibilityVersion = "Xcode 14.0";
			developmentRegion = en;
			hasScannedForEncodings = 0;
			knownRegions = (
				en,
				Base,
				tr,
			);
			mainGroup = D19914E62BB6A45800DAEC3A;
			packageReferences = (
			);
			productRefGroup = D19914F02BB6A45800DAEC3A /* Products */;
			projectDirPath = "";
			projectRoot = "";
			targets = (
				D19914EE2BB6A45800DAEC3A /* iett */,
			);
		};
/* End PBXProject section */

/* Begin PBXResourcesBuildPhase section */
		D19914ED2BB6A45800DAEC3A /* Resources */ = {
			isa = PBXResourcesBuildPhase;
			buildActionMask = 2147483647;
			files = (
				D19914FF2BB6A45A00DAEC3A /* LaunchScreen.storyboard in Resources */,
				D19914FC2BB6A45A00DAEC3A /* Assets.xcassets in Resources */,
				D19915302BBC566800DAEC3A /* Localizable.xcstrings in Resources */,
				D19914FA2BB6A45800DAEC3A /* Main.storyboard in Resources */,
			);
			runOnlyForDeploymentPostprocessing = 0;
		};
/* End PBXResourcesBuildPhase section */

/* Begin PBXSourcesBuildPhase section */
		D19914EB2BB6A45800DAEC3A /* Sources */ = {
			isa = PBXSourcesBuildPhase;
			buildActionMask = 2147483647;
			files = (
				D19915652BC2EDC800DAEC3A /* SecondViewController.swift in Sources */,
				D199153E2BBC591100DAEC3A /* NetworkModel.swift in Sources */,
				D19915382BBC58A800DAEC3A /* NetworkManager.swift in Sources */,
				D19914F72BB6A45800DAEC3A /* ViewController.swift in Sources */,
				D19914F32BB6A45800DAEC3A /* AppDelegate.swift in Sources */,
				D19915432BBD9F4800DAEC3A /* StringManager.swift in Sources */,
				D199150E2BB87FEB00DAEC3A /* ViewController+UI.swift in Sources */,
				D199153A2BBC58B200DAEC3A /* MapManager.swift in Sources */,
				D19915342BBC573C00DAEC3A /* String+Extension.swift in Sources */,
				D19915412BBC5EEC00DAEC3A /* Enums.swift in Sources */,
				D19914F52BB6A45800DAEC3A /* SceneDelegate.swift in Sources */,
			);
			runOnlyForDeploymentPostprocessing = 0;
		};
/* End PBXSourcesBuildPhase section */

/* Begin PBXVariantGroup section */
		D19914F82BB6A45800DAEC3A /* Main.storyboard */ = {
			isa = PBXVariantGroup;
			children = (
				D19914F92BB6A45800DAEC3A /* Base */,
				D19915312BBC569800DAEC3A /* tr */,
			);
			name = Main.storyboard;
			sourceTree = "<group>";
		};
		D19914FD2BB6A45A00DAEC3A /* LaunchScreen.storyboard */ = {
			isa = PBXVariantGroup;
			children = (
				D19914FE2BB6A45A00DAEC3A /* Base */,
				D19915322BBC569800DAEC3A /* tr */,
			);
			name = LaunchScreen.storyboard;
			sourceTree = "<group>";
		};
/* End PBXVariantGroup section */

/* Begin XCBuildConfiguration section */
		D19915012BB6A45A00DAEC3A /* Debug */ = {
			isa = XCBuildConfiguration;
			buildSettings = {
				ALWAYS_SEARCH_USER_PATHS = NO;
				ASSETCATALOG_COMPILER_GENERATE_SWIFT_ASSET_SYMBOL_EXTENSIONS = YES;
				CLANG_ANALYZER_LOCALIZABILITY_NONLOCALIZED = YES;
				CLANG_ANALYZER_NONNULL = YES;
				CLANG_ANALYZER_NUMBER_OBJECT_CONVERSION = YES_AGGRESSIVE;
				CLANG_CXX_LANGUAGE_STANDARD = "gnu++20";
				CLANG_ENABLE_MODULES = YES;
				CLANG_ENABLE_OBJC_ARC = YES;
				CLANG_ENABLE_OBJC_WEAK = YES;
				CLANG_WARN_BLOCK_CAPTURE_AUTORELEASING = YES;
				CLANG_WARN_BOOL_CONVERSION = YES;
				CLANG_WARN_COMMA = YES;
				CLANG_WARN_CONSTANT_CONVERSION = YES;
				CLANG_WARN_DEPRECATED_OBJC_IMPLEMENTATIONS = YES;
				CLANG_WARN_DIRECT_OBJC_ISA_USAGE = YES_ERROR;
				CLANG_WARN_DOCUMENTATION_COMMENTS = YES;
				CLANG_WARN_EMPTY_BODY = YES;
				CLANG_WARN_ENUM_CONVERSION = YES;
				CLANG_WARN_INFINITE_RECURSION = YES;
				CLANG_WARN_INT_CONVERSION = YES;
				CLANG_WARN_NON_LITERAL_NULL_CONVERSION = YES;
				CLANG_WARN_OBJC_IMPLICIT_RETAIN_SELF = YES;
				CLANG_WARN_OBJC_LITERAL_CONVERSION = YES;
				CLANG_WARN_OBJC_ROOT_CLASS = YES_ERROR;
				CLANG_WARN_QUOTED_INCLUDE_IN_FRAMEWORK_HEADER = YES;
				CLANG_WARN_RANGE_LOOP_ANALYSIS = YES;
				CLANG_WARN_STRICT_PROTOTYPES = YES;
				CLANG_WARN_SUSPICIOUS_MOVE = YES;
				CLANG_WARN_UNGUARDED_AVAILABILITY = YES_AGGRESSIVE;
				CLANG_WARN_UNREACHABLE_CODE = YES;
				CLANG_WARN__DUPLICATE_METHOD_MATCH = YES;
				COPY_PHASE_STRIP = NO;
				DEBUG_INFORMATION_FORMAT = dwarf;
				ENABLE_STRICT_OBJC_MSGSEND = YES;
				ENABLE_TESTABILITY = YES;
				ENABLE_USER_SCRIPT_SANDBOXING = YES;
				GCC_C_LANGUAGE_STANDARD = gnu17;
				GCC_DYNAMIC_NO_PIC = NO;
				GCC_NO_COMMON_BLOCKS = YES;
				GCC_OPTIMIZATION_LEVEL = 0;
				GCC_PREPROCESSOR_DEFINITIONS = (
					"DEBUG=1",
					"$(inherited)",
				);
				GCC_WARN_64_TO_32_BIT_CONVERSION = YES;
				GCC_WARN_ABOUT_RETURN_TYPE = YES_ERROR;
				GCC_WARN_UNDECLARED_SELECTOR = YES;
				GCC_WARN_UNINITIALIZED_AUTOS = YES_AGGRESSIVE;
				GCC_WARN_UNUSED_FUNCTION = YES;
				GCC_WARN_UNUSED_VARIABLE = YES;
				IPHONEOS_DEPLOYMENT_TARGET = 17.2;
				LOCALIZATION_PREFERS_STRING_CATALOGS = YES;
				MTL_ENABLE_DEBUG_INFO = INCLUDE_SOURCE;
				MTL_FAST_MATH = YES;
				ONLY_ACTIVE_ARCH = YES;
				SDKROOT = iphoneos;
				SWIFT_ACTIVE_COMPILATION_CONDITIONS = "DEBUG $(inherited)";
				SWIFT_OPTIMIZATION_LEVEL = "-Onone";
			};
			name = Debug;
		};
		D19915022BB6A45A00DAEC3A /* Release */ = {
			isa = XCBuildConfiguration;
			buildSettings = {
				ALWAYS_SEARCH_USER_PATHS = NO;
				ASSETCATALOG_COMPILER_GENERATE_SWIFT_ASSET_SYMBOL_EXTENSIONS = YES;
				CLANG_ANALYZER_LOCALIZABILITY_NONLOCALIZED = YES;
				CLANG_ANALYZER_NONNULL = YES;
				CLANG_ANALYZER_NUMBER_OBJECT_CONVERSION = YES_AGGRESSIVE;
				CLANG_CXX_LANGUAGE_STANDARD = "gnu++20";
				CLANG_ENABLE_MODULES = YES;
				CLANG_ENABLE_OBJC_ARC = YES;
				CLANG_ENABLE_OBJC_WEAK = YES;
				CLANG_WARN_BLOCK_CAPTURE_AUTORELEASING = YES;
				CLANG_WARN_BOOL_CONVERSION = YES;
				CLANG_WARN_COMMA = YES;
				CLANG_WARN_CONSTANT_CONVERSION = YES;
				CLANG_WARN_DEPRECATED_OBJC_IMPLEMENTATIONS = YES;
				CLANG_WARN_DIRECT_OBJC_ISA_USAGE = YES_ERROR;
				CLANG_WARN_DOCUMENTATION_COMMENTS = YES;
				CLANG_WARN_EMPTY_BODY = YES;
				CLANG_WARN_ENUM_CONVERSION = YES;
				CLANG_WARN_INFINITE_RECURSION = YES;
				CLANG_WARN_INT_CONVERSION = YES;
				CLANG_WARN_NON_LITERAL_NULL_CONVERSION = YES;
				CLANG_WARN_OBJC_IMPLICIT_RETAIN_SELF = YES;
				CLANG_WARN_OBJC_LITERAL_CONVERSION = YES;
				CLANG_WARN_OBJC_ROOT_CLASS = YES_ERROR;
				CLANG_WARN_QUOTED_INCLUDE_IN_FRAMEWORK_HEADER = YES;
				CLANG_WARN_RANGE_LOOP_ANALYSIS = YES;
				CLANG_WARN_STRICT_PROTOTYPES = YES;
				CLANG_WARN_SUSPICIOUS_MOVE = YES;
				CLANG_WARN_UNGUARDED_AVAILABILITY = YES_AGGRESSIVE;
				CLANG_WARN_UNREACHABLE_CODE = YES;
				CLANG_WARN__DUPLICATE_METHOD_MATCH = YES;
				COPY_PHASE_STRIP = NO;
				DEBUG_INFORMATION_FORMAT = "dwarf-with-dsym";
				ENABLE_NS_ASSERTIONS = NO;
				ENABLE_STRICT_OBJC_MSGSEND = YES;
				ENABLE_USER_SCRIPT_SANDBOXING = YES;
				GCC_C_LANGUAGE_STANDARD = gnu17;
				GCC_NO_COMMON_BLOCKS = YES;
				GCC_WARN_64_TO_32_BIT_CONVERSION = YES;
				GCC_WARN_ABOUT_RETURN_TYPE = YES_ERROR;
				GCC_WARN_UNDECLARED_SELECTOR = YES;
				GCC_WARN_UNINITIALIZED_AUTOS = YES_AGGRESSIVE;
				GCC_WARN_UNUSED_FUNCTION = YES;
				GCC_WARN_UNUSED_VARIABLE = YES;
				IPHONEOS_DEPLOYMENT_TARGET = 17.2;
				LOCALIZATION_PREFERS_STRING_CATALOGS = YES;
				MTL_ENABLE_DEBUG_INFO = NO;
				MTL_FAST_MATH = YES;
				SDKROOT = iphoneos;
				SWIFT_COMPILATION_MODE = wholemodule;
				VALIDATE_PRODUCT = YES;
			};
			name = Release;
		};
		D19915042BB6A45A00DAEC3A /* Debug */ = {
			isa = XCBuildConfiguration;
			buildSettings = {
				ASSETCATALOG_COMPILER_APPICON_NAME = AppIcon;
				ASSETCATALOG_COMPILER_GLOBAL_ACCENT_COLOR_NAME = AccentColor;
				CODE_SIGN_STYLE = Automatic;
				CURRENT_PROJECT_VERSION = 1;
				DEVELOPMENT_TEAM = 8NLR5UAY6K;
				GENERATE_INFOPLIST_FILE = YES;
				INFOPLIST_FILE = iett/Resources/Info.plist;
				INFOPLIST_KEY_CFBundleDisplayName = "Otobüs";
				INFOPLIST_KEY_UIApplicationSupportsIndirectInputEvents = YES;
				INFOPLIST_KEY_UILaunchStoryboardName = LaunchScreen;
				INFOPLIST_KEY_UIMainStoryboardFile = Main;
				INFOPLIST_KEY_UISupportedInterfaceOrientations = UIInterfaceOrientationPortrait;
				INFOPLIST_KEY_UISupportedInterfaceOrientations_iPad = "UIInterfaceOrientationLandscapeLeft UIInterfaceOrientationLandscapeRight UIInterfaceOrientationPortrait UIInterfaceOrientationPortraitUpsideDown";
				IPHONEOS_DEPLOYMENT_TARGET = 16.0;
				LD_RUNPATH_SEARCH_PATHS = (
					"$(inherited)",
					"@executable_path/Frameworks",
				);
				MARKETING_VERSION = 1.0;
				PRODUCT_BUNDLE_IDENTIFIER = com.turkerkizilcik.iett;
				PRODUCT_NAME = "$(TARGET_NAME)";
				SUPPORTED_PLATFORMS = "iphoneos iphonesimulator";
				SUPPORTS_MACCATALYST = NO;
				SUPPORTS_MAC_DESIGNED_FOR_IPHONE_IPAD = NO;
				SWIFT_EMIT_LOC_STRINGS = YES;
				SWIFT_VERSION = 5.0;
				TARGETED_DEVICE_FAMILY = 1;
			};
			name = Debug;
		};
		D19915052BB6A45A00DAEC3A /* Release */ = {
			isa = XCBuildConfiguration;
			buildSettings = {
				ASSETCATALOG_COMPILER_APPICON_NAME = AppIcon;
				ASSETCATALOG_COMPILER_GLOBAL_ACCENT_COLOR_NAME = AccentColor;
				CODE_SIGN_STYLE = Automatic;
				CURRENT_PROJECT_VERSION = 1;
				DEVELOPMENT_TEAM = 8NLR5UAY6K;
				GENERATE_INFOPLIST_FILE = YES;
				INFOPLIST_FILE = iett/Resources/Info.plist;
				INFOPLIST_KEY_CFBundleDisplayName = "Otobüs";
				INFOPLIST_KEY_UIApplicationSupportsIndirectInputEvents = YES;
				INFOPLIST_KEY_UILaunchStoryboardName = LaunchScreen;
				INFOPLIST_KEY_UIMainStoryboardFile = Main;
				INFOPLIST_KEY_UISupportedInterfaceOrientations = UIInterfaceOrientationPortrait;
				INFOPLIST_KEY_UISupportedInterfaceOrientations_iPad = "UIInterfaceOrientationLandscapeLeft UIInterfaceOrientationLandscapeRight UIInterfaceOrientationPortrait UIInterfaceOrientationPortraitUpsideDown";
				IPHONEOS_DEPLOYMENT_TARGET = 16.0;
				LD_RUNPATH_SEARCH_PATHS = (
					"$(inherited)",
					"@executable_path/Frameworks",
				);
				MARKETING_VERSION = 1.0;
				PRODUCT_BUNDLE_IDENTIFIER = com.turkerkizilcik.iett;
				PRODUCT_NAME = "$(TARGET_NAME)";
				SUPPORTED_PLATFORMS = "iphoneos iphonesimulator";
				SUPPORTS_MACCATALYST = NO;
				SUPPORTS_MAC_DESIGNED_FOR_IPHONE_IPAD = NO;
				SWIFT_EMIT_LOC_STRINGS = YES;
				SWIFT_VERSION = 5.0;
				TARGETED_DEVICE_FAMILY = 1;
			};
			name = Release;
		};
/* End XCBuildConfiguration section */

/* Begin XCConfigurationList section */
		D19914EA2BB6A45800DAEC3A /* Build configuration list for PBXProject "iett" */ = {
			isa = XCConfigurationList;
			buildConfigurations = (
				D19915012BB6A45A00DAEC3A /* Debug */,
				D19915022BB6A45A00DAEC3A /* Release */,
			);
			defaultConfigurationIsVisible = 0;
			defaultConfigurationName = Release;
		};
		D19915032BB6A45A00DAEC3A /* Build configuration list for PBXNativeTarget "iett" */ = {
			isa = XCConfigurationList;
			buildConfigurations = (
				D19915042BB6A45A00DAEC3A /* Debug */,
				D19915052BB6A45A00DAEC3A /* Release */,
			);
			defaultConfigurationIsVisible = 0;
			defaultConfigurationName = Release;
		};
/* End XCConfigurationList section */
	};
	rootObject = D19914E72BB6A45800DAEC3A /* Project object */;
}
